# THIS IS AN AUTOGENERATED FILE. DO NOT EDIT THIS FILE DIRECTLY.
# yarn lockfile v1


axios@^0.21.1:
  version "0.21.1"
  resolved "https://registry.yarnpkg.com/axios/-/axios-0.21.1.tgz#22563481962f4d6bde9a76d516ef0e5d3c09b2b8"
  integrity sha512-dKQiRHxGD9PPRIUNIWvZhPTPpl1rf/OxTYKsqKUDjBwYylTvV7SjSHJb9ratfyzM6wCdLCOYLzs73qpg5c4iGA==
  dependencies:
    follow-redirects "^1.10.0"

follow-redirects@^1.10.0:
  version "1.13.3"
  resolved "https://registry.yarnpkg.com/follow-redirects/-/follow-redirects-1.13.3.tgz#e5598ad50174c1bc4e872301e82ac2cd97f90267"
  integrity sha512-DUgl6+HDzB0iEptNQEXLx/KhTmDb8tZUHSeLqpnjpknR70H0nC2t9N73BK6fN4hOvJ84pKlIQVQ4k5FFlBedKA==

ignore@^3.3.8:
  version "3.3.10"
  resolved "https://registry.yarnpkg.com/ignore/-/ignore-3.3.10.tgz#0a97fb876986e8081c631160f8f9f389157f0043"
  integrity sha512-Pgs951kaMm5GXP7MOvxERINe3gsaVjUWFm+UZPSq9xYriQAksyhg0csnS0KXSNRD5NmNdapXEpjxG49+AKh/ug==

serverless-ignore@^0.1.6:
  version "0.1.6"
  resolved "https://registry.yarnpkg.com/serverless-ignore/-/serverless-ignore-0.1.6.tgz#bb0da6e6275876d41749f210fa2795087ca070ef"
  integrity sha512-rONeQh6zwAy1H0+pFrWpHvDU5B1R5E1b77JDqGxqqZ/KXK9G01rWUY8P61fHG2rDdDpveEHoa/WdiCwM98m83w==
  dependencies:
    ignore "^3.3.8"
